{
    "_readme": [
        "This file locks the dependencies of your project to a known state",
        "Read more about it at https://getcomposer.org/doc/01-basic-usage.md#installing-dependencies",
        "This file is @generated automatically"
    ],
    "content-hash": "7c1849f2fe15beb3f36ad18ea570cbca",
    "packages": [
        {
            "name": "stefangabos/zebra_session",
            "version": "3.1.0",
            "source": {
                "type": "git",
                "url": "https://github.com/stefangabos/Zebra_Session.git",
                "reference": "79bb0f21127207dacfd524797e434227e0bf891e"
            },
            "dist": {
                "type": "zip",
                "url": "https://api.github.com/repos/stefangabos/Zebra_Session/zipball/79bb0f21127207dacfd524797e434227e0bf891e",
                "reference": "79bb0f21127207dacfd524797e434227e0bf891e",
                "shasum": ""
            },
            "require": {
                "php": ">=5.5.2"
            },
            "type": "library",
            "autoload": {
                "classmap": [
                    "Zebra_Session.php"
                ]
            },
            "notification-url": "https://packagist.org/downloads/",
            "license": [
                "LGPL-3.0"
            ],
            "authors": [
                {
                    "name": "Stefan Gabos",
                    "email": "contact@stefangabos.ro",
                    "homepage": "https://github.com/stefangabos",
                    "role": "Developer"
                }
            ],
            "description": "A PHP library acting as a wrapper for PHP's default session handling functions which stores data in a MySQL database, providing both better performance and better security and protection against session fixation and session hijacking.",
            "homepage": "https://github.com/stefangabos/Zebra_Session",
            "keywords": [
                "database",
                "fixation",
                "flash",
                "flashdata",
                "hijack",
                "locking",
                "mysql",
                "mysqli",
                "session"
            ],
            "support": {
                "issues": "https://github.com/stefangabos/Zebra_Session/issues",
                "source": "https://github.com/stefangabos/Zebra_Session/tree/master"
            },
            "time": "2020-05-31T18:33:03+00:00"
        }
    ],
    "packages-dev": [],
    "aliases": [],
    "minimum-stability": "stable",
    "stability-flags": [],
    "prefer-stable": false,
    "prefer-lowest": false,
    "platform": [],
    "platform-dev": [],
    "plugin-api-version": "2.0.0"
}
